
Microsoft Visual Studio Solution File, Format Version 12.00
# Visual Studio 15
VisualStudioVersion = 15.0.27703.2035
MinimumVisualStudioVersion = 10.0.40219.1
Project("{9A19103F-16F7-4668-BE54-9A1E7A4F7556}") = "M2Edit", "M2Edit\M2Edit.csproj", "{5FD748DE-5CC7-4FFF-8DC4-3F9ADFD9ACA7}"
EndProject
Global
	GlobalSection(SolutionConfigurationPlatforms) = preSolution
		Debug|Any CPU = Debug|Any CPU
		Release|Any CPU = Release|Any CPU
	EndGlobalSection
	GlobalSection(ProjectConfigurationPlatforms) = postSolution
		{5FD748DE-5CC7-4FFF-8DC4-3F9ADFD9ACA7}.Debug|Any CPU.ActiveCfg = Debug|Any CPU
		{5FD748DE-5CC7-4FFF-8DC4-3F9ADFD9ACA7}.Debug|Any CPU.Build.0 = Debug|Any CPU
		{5FD748DE-5CC7-4FFF-8DC4-3F9ADFD9ACA7}.Release|Any CPU.ActiveCfg = Release|Any CPU
		{5FD748DE-5CC7-4FFF-8DC4-3F9ADFD9ACA7}.Release|Any CPU.Build.0 = Release|Any CPU
	EndGlobalSection
	GlobalSection(SolutionProperties) = preSolution
		HideSolutionNode = FALSE
	EndGlobalSection
	GlobalSection(ExtensibilityGlobals) = postSolution
		SolutionGuid = {E36F2DC3-B838-4545-AF4B-9DD4C9950B5A}
	EndGlobalSection
EndGlobal
